
Microsoft Visual Studio Solution File, Format Version 12.00
# Visual Studio Version 17
VisualStudioVersion = 17.4.33403.182
MinimumVisualStudioVersion = 10.0.40219.1
Project("{9A19103F-16F7-4668-BE54-9A1E7A4F7556}") = "Algorithm", "Algorithm\Algorithm.csproj", "{26371FAA-48F0-41DB-B335-6BFA22A02F70}"
EndProject
Project("{9A19103F-16F7-4668-BE54-9A1E7A4F7556}") = "12.1.5", "12.1.5\12.1.5.csproj", "{13C29255-890F-46A9-928C-E0F4B8F0A433}"
EndProject
Project("{FAE04EC0-301F-11D3-BF4B-00C04F79EFBC}") = "Result", "Result\Result.csproj", "{B5F7CED0-CA76-4D83-BDAF-3B92528A3A9C}"
EndProject
Global
	GlobalSection(SolutionConfigurationPlatforms) = preSolution
		Debug|Any CPU = Debug|Any CPU
		Release|Any CPU = Release|Any CPU
	EndGlobalSection
	GlobalSection(ProjectConfigurationPlatforms) = postSolution
		{26371FAA-48F0-41DB-B335-6BFA22A02F70}.Debug|Any CPU.ActiveCfg = Debug|Any CPU
		{26371FAA-48F0-41DB-B335-6BFA22A02F70}.Debug|Any CPU.Build.0 = Debug|Any CPU
		{26371FAA-48F0-41DB-B335-6BFA22A02F70}.Release|Any CPU.ActiveCfg = Release|Any CPU
		{26371FAA-48F0-41DB-B335-6BFA22A02F70}.Release|Any CPU.Build.0 = Release|Any CPU
		{13C29255-890F-46A9-928C-E0F4B8F0A433}.Debug|Any CPU.ActiveCfg = Debug|Any CPU
		{13C29255-890F-46A9-928C-E0F4B8F0A433}.Debug|Any CPU.Build.0 = Debug|Any CPU
		{13C29255-890F-46A9-928C-E0F4B8F0A433}.Release|Any CPU.ActiveCfg = Release|Any CPU
		{13C29255-890F-46A9-928C-E0F4B8F0A433}.Release|Any CPU.Build.0 = Release|Any CPU
		{B5F7CED0-CA76-4D83-BDAF-3B92528A3A9C}.Debug|Any CPU.ActiveCfg = Debug|Any CPU
		{B5F7CED0-CA76-4D83-BDAF-3B92528A3A9C}.Debug|Any CPU.Build.0 = Debug|Any CPU
		{B5F7CED0-CA76-4D83-BDAF-3B92528A3A9C}.Release|Any CPU.ActiveCfg = Release|Any CPU
		{B5F7CED0-CA76-4D83-BDAF-3B92528A3A9C}.Release|Any CPU.Build.0 = Release|Any CPU
	EndGlobalSection
	GlobalSection(SolutionProperties) = preSolution
		HideSolutionNode = FALSE
	EndGlobalSection
	GlobalSection(ExtensibilityGlobals) = postSolution
		SolutionGuid = {81E65D68-0AFA-4773-BC29-F6F0BB2962D7}
	EndGlobalSection
EndGlobal
